
Microsoft Visual Studio Solution File, Format Version 12.00
# Visual Studio Version 17
VisualStudioVersion = 17.6.33712.159
MinimumVisualStudioVersion = 10.0.40219.1
Project("{9A19103F-16F7-4668-BE54-9A1E7A4F7556}") = "ASP.NET MVC", "dotnet.MVC\ASP.NET MVC.csproj", "{B30A6EA3-2BBE-4BE3-9290-CE0E30F6CB00}"
EndProject
Project("{FAE04EC0-301F-11D3-BF4B-00C04F79EFBC}") = "dotnet.DataAccess", "dotnet.DataAccess\dotnet.DataAccess.csproj", "{57DE6B8F-6317-49A0-804E-0E2B41550B99}"
EndProject
Global
	GlobalSection(SolutionConfigurationPlatforms) = preSolution
		Debug|Any CPU = Debug|Any CPU
		Release|Any CPU = Release|Any CPU
	EndGlobalSection
	GlobalSection(ProjectConfigurationPlatforms) = postSolution
		{B30A6EA3-2BBE-4BE3-9290-CE0E30F6CB00}.Debug|Any CPU.ActiveCfg = Debug|Any CPU
		{B30A6EA3-2BBE-4BE3-9290-CE0E30F6CB00}.Debug|Any CPU.Build.0 = Debug|Any CPU
		{B30A6EA3-2BBE-4BE3-9290-CE0E30F6CB00}.Release|Any CPU.ActiveCfg = Release|Any CPU
		{B30A6EA3-2BBE-4BE3-9290-CE0E30F6CB00}.Release|Any CPU.Build.0 = Release|Any CPU
		{57DE6B8F-6317-49A0-804E-0E2B41550B99}.Debug|Any CPU.ActiveCfg = Debug|Any CPU
		{57DE6B8F-6317-49A0-804E-0E2B41550B99}.Debug|Any CPU.Build.0 = Debug|Any CPU
		{57DE6B8F-6317-49A0-804E-0E2B41550B99}.Release|Any CPU.ActiveCfg = Release|Any CPU
		{57DE6B8F-6317-49A0-804E-0E2B41550B99}.Release|Any CPU.Build.0 = Release|Any CPU
	EndGlobalSection
	GlobalSection(SolutionProperties) = preSolution
		HideSolutionNode = FALSE
	EndGlobalSection
	GlobalSection(ExtensibilityGlobals) = postSolution
		SolutionGuid = {50C2EBC8-EE77-45DB-9BFA-D07B54BA5F93}
	EndGlobalSection
EndGlobal
